
Microsoft Visual Studio Solution File, Format Version 12.00
# Visual Studio Version 17
VisualStudioVersion = 17.11.35327.3
MinimumVisualStudioVersion = 10.0.40219.1
Project("{FAE04EC0-301F-11D3-BF4B-00C04F79EFBC}") = "TuningMobileNet", "TuningMobileNet.csproj", "{B18D9B72-EE4C-44E1-8980-F466E3191893}"
EndProject
Global
	GlobalSection(SolutionConfigurationPlatforms) = preSolution
		Debug|Any CPU = Debug|Any CPU
		Release|Any CPU = Release|Any CPU
	EndGlobalSection
	GlobalSection(ProjectConfigurationPlatforms) = postSolution
		{B18D9B72-EE4C-44E1-8980-F466E3191893}.Debug|Any CPU.ActiveCfg = Debug|Any CPU
		{B18D9B72-EE4C-44E1-8980-F466E3191893}.Debug|Any CPU.Build.0 = Debug|Any CPU
		{B18D9B72-EE4C-44E1-8980-F466E3191893}.Release|Any CPU.ActiveCfg = Release|Any CPU
		{B18D9B72-EE4C-44E1-8980-F466E3191893}.Release|Any CPU.Build.0 = Release|Any CPU
	EndGlobalSection
	GlobalSection(SolutionProperties) = preSolution
		HideSolutionNode = FALSE
	EndGlobalSection
	GlobalSection(ExtensibilityGlobals) = postSolution
		SolutionGuid = {AD5BEE58-48A9-41FB-A175-FC1759011707}
	EndGlobalSection
EndGlobal
